
Microsoft Visual Studio Solution File, Format Version 12.00
# Visual Studio 2012
Project("{FAE04EC0-301F-11D3-BF4B-00C04F79EFBC}") = "example2_1", "example2_1\example2_1.csproj", "{8DAF2C16-A24C-4CB6-9722-B2F8DA2826A5}"
EndProject
Project("{FAE04EC0-301F-11D3-BF4B-00C04F79EFBC}") = "example2_2", "example2_2\example2_2.csproj", "{8EC3043F-F492-46BB-AEB9-118AD4104CD6}"
EndProject
Project("{FAE04EC0-301F-11D3-BF4B-00C04F79EFBC}") = "计算平均分", "计算平均分\计算平均分.csproj", "{41F3338D-601C-4B51-BF43-B44BF54D1C72}"
EndProject
Project("{FAE04EC0-301F-11D3-BF4B-00C04F79EFBC}") = "两整数交换值", "两整数交换值\两整数交换值.csproj", "{FDA7234C-721F-46BF-B766-EF5AB1EC5119}"
EndProject
Project("{FAE04EC0-301F-11D3-BF4B-00C04F79EFBC}") = "三个整数求最大值", "三个整数求最大值\三个整数求最大值.csproj", "{2FDB8D03-DE47-4EA8-8C08-06C499F3C01B}"
EndProject
Project("{FAE04EC0-301F-11D3-BF4B-00C04F79EFBC}") = "条件分支", "条件分支\条件分支.csproj", "{B7F8B720-48A4-4846-BB91-74F378B4D796}"
EndProject
Project("{FAE04EC0-301F-11D3-BF4B-00C04F79EFBC}") = "成绩百分制", "成绩百分制\成绩百分制.csproj", "{9DA174FC-4730-4417-AE46-8AB06F673727}"
EndProject
Project("{FAE04EC0-301F-11D3-BF4B-00C04F79EFBC}") = "成绩百分之switch", "成绩百分之switch\成绩百分之switch.csproj", "{235F421F-B0F3-4596-852C-DF05E1D0B6CA}"
EndProject
Project("{FAE04EC0-301F-11D3-BF4B-00C04F79EFBC}") = "打折", "打折\打折.csproj", "{E840583C-9E0B-432E-ACBD-070E9C6813E5}"
EndProject
Project("{FAE04EC0-301F-11D3-BF4B-00C04F79EFBC}") = "n的阶乘", "n的阶乘\n的阶乘.csproj", "{2DA05B3C-4F52-4C22-A7DB-33CBFF33259F}"
EndProject
Project("{FAE04EC0-301F-11D3-BF4B-00C04F79EFBC}") = "数组冒泡排序", "数组冒泡排序\数组冒泡排序.csproj", "{E99B2894-E623-4073-8FB4-906CD010F684}"
EndProject
Project("{FAE04EC0-301F-11D3-BF4B-00C04F79EFBC}") = "while循环n的阶乘", "while循环n的阶乘\while循环n的阶乘.csproj", "{0277AE1E-AB4D-428D-9C3E-88A4A0DE03A7}"
EndProject
Project("{FAE04EC0-301F-11D3-BF4B-00C04F79EFBC}") = "计算π的近似值", "计算π的近似值\计算π的近似值.csproj", "{966B523A-08A7-4103-A036-F7409D0E0DAD}"
EndProject
Project("{FAE04EC0-301F-11D3-BF4B-00C04F79EFBC}") = "m和n的最小公倍最大公约", "m和n的最小公倍最大公约\m和n的最小公倍最大公约.csproj", "{78E16692-D32D-42DC-85E0-53E5A1ED26AF}"
EndProject
Project("{FAE04EC0-301F-11D3-BF4B-00C04F79EFBC}") = "foreach语句", "foreach语句\foreach语句.csproj", "{CD42C187-B82E-4F5B-8682-3B89AF54A7EA}"
EndProject
Project("{FAE04EC0-301F-11D3-BF4B-00C04F79EFBC}") = "goto语句", "goto语句\goto语句.csproj", "{987657D6-E313-4C24-899A-3B7520E66BA8}"
EndProject
Project("{FAE04EC0-301F-11D3-BF4B-00C04F79EFBC}") = "星号输出", "星号输出\星号输出.csproj", "{0083455F-E182-4816-AAB2-AE555C7170CE}"
EndProject
Project("{FAE04EC0-301F-11D3-BF4B-00C04F79EFBC}") = "找数字", "找数字\找数字.csproj", "{9F1530B9-FC95-4C09-AA6E-7CD70EF47301}"
EndProject
Project("{FAE04EC0-301F-11D3-BF4B-00C04F79EFBC}") = "求偶数和", "求偶数和\求偶数和.csproj", "{810DC8DE-E051-4679-AFA2-CCD1A3DBFD38}"
EndProject
Project("{FAE04EC0-301F-11D3-BF4B-00C04F79EFBC}") = "计算器", "计算器\计算器.csproj", "{BCB894B1-A340-4244-A328-36DCC8044EDE}"
EndProject
Project("{FAE04EC0-301F-11D3-BF4B-00C04F79EFBC}") = "找十个整数中的最值", "找十个整数中的最值\找十个整数中的最值.csproj", "{E9CAC74B-2909-4CB8-BD35-7AF701334272}"
EndProject
Project("{FAE04EC0-301F-11D3-BF4B-00C04F79EFBC}") = "计算总成绩及平均分", "计算总成绩及平均分\计算总成绩及平均分.csproj", "{EC290EF3-963D-4AAC-B8A8-E24235C9D293}"
EndProject
Project("{FAE04EC0-301F-11D3-BF4B-00C04F79EFBC}") = "装箱拆箱", "装箱拆箱\装箱拆箱.csproj", "{5E330211-0373-4BF5-B567-72D16B8698C7}"
EndProject
Project("{FAE04EC0-301F-11D3-BF4B-00C04F79EFBC}") = "计算存款后的钱", "计算存款后的钱\计算存款后的钱.csproj", "{BF616C3A-1C03-4A48-8D8C-C06E8E6E112F}"
EndProject
Global
	GlobalSection(SolutionConfigurationPlatforms) = preSolution
		Debug|Any CPU = Debug|Any CPU
		Release|Any CPU = Release|Any CPU
	EndGlobalSection
	GlobalSection(ProjectConfigurationPlatforms) = postSolution
		{8DAF2C16-A24C-4CB6-9722-B2F8DA2826A5}.Debug|Any CPU.ActiveCfg = Debug|Any CPU
		{8DAF2C16-A24C-4CB6-9722-B2F8DA2826A5}.Debug|Any CPU.Build.0 = Debug|Any CPU
		{8DAF2C16-A24C-4CB6-9722-B2F8DA2826A5}.Release|Any CPU.ActiveCfg = Release|Any CPU
		{8DAF2C16-A24C-4CB6-9722-B2F8DA2826A5}.Release|Any CPU.Build.0 = Release|Any CPU
		{8EC3043F-F492-46BB-AEB9-118AD4104CD6}.Debug|Any CPU.ActiveCfg = Debug|Any CPU
		{8EC3043F-F492-46BB-AEB9-118AD4104CD6}.Debug|Any CPU.Build.0 = Debug|Any CPU
		{8EC3043F-F492-46BB-AEB9-118AD4104CD6}.Release|Any CPU.ActiveCfg = Release|Any CPU
		{8EC3043F-F492-46BB-AEB9-118AD4104CD6}.Release|Any CPU.Build.0 = Release|Any CPU
		{41F3338D-601C-4B51-BF43-B44BF54D1C72}.Debug|Any CPU.ActiveCfg = Debug|Any CPU
		{41F3338D-601C-4B51-BF43-B44BF54D1C72}.Debug|Any CPU.Build.0 = Debug|Any CPU
		{41F3338D-601C-4B51-BF43-B44BF54D1C72}.Release|Any CPU.ActiveCfg = Release|Any CPU
		{41F3338D-601C-4B51-BF43-B44BF54D1C72}.Release|Any CPU.Build.0 = Release|Any CPU
		{FDA7234C-721F-46BF-B766-EF5AB1EC5119}.Debug|Any CPU.ActiveCfg = Debug|Any CPU
		{FDA7234C-721F-46BF-B766-EF5AB1EC5119}.Debug|Any CPU.Build.0 = Debug|Any CPU
		{FDA7234C-721F-46BF-B766-EF5AB1EC5119}.Release|Any CPU.ActiveCfg = Release|Any CPU
		{FDA7234C-721F-46BF-B766-EF5AB1EC5119}.Release|Any CPU.Build.0 = Release|Any CPU
		{2FDB8D03-DE47-4EA8-8C08-06C499F3C01B}.Debug|Any CPU.ActiveCfg = Debug|Any CPU
		{2FDB8D03-DE47-4EA8-8C08-06C499F3C01B}.Debug|Any CPU.Build.0 = Debug|Any CPU
		{2FDB8D03-DE47-4EA8-8C08-06C499F3C01B}.Release|Any CPU.ActiveCfg = Release|Any CPU
		{2FDB8D03-DE47-4EA8-8C08-06C499F3C01B}.Release|Any CPU.Build.0 = Release|Any CPU
		{B7F8B720-48A4-4846-BB91-74F378B4D796}.Debug|Any CPU.ActiveCfg = Debug|Any CPU
		{B7F8B720-48A4-4846-BB91-74F378B4D796}.Debug|Any CPU.Build.0 = Debug|Any CPU
		{B7F8B720-48A4-4846-BB91-74F378B4D796}.Release|Any CPU.ActiveCfg = Release|Any CPU
		{B7F8B720-48A4-4846-BB91-74F378B4D796}.Release|Any CPU.Build.0 = Release|Any CPU
		{9DA174FC-4730-4417-AE46-8AB06F673727}.Debug|Any CPU.ActiveCfg = Debug|Any CPU
		{9DA174FC-4730-4417-AE46-8AB06F673727}.Debug|Any CPU.Build.0 = Debug|Any CPU
		{9DA174FC-4730-4417-AE46-8AB06F673727}.Release|Any CPU.ActiveCfg = Release|Any CPU
		{9DA174FC-4730-4417-AE46-8AB06F673727}.Release|Any CPU.Build.0 = Release|Any CPU
		{235F421F-B0F3-4596-852C-DF05E1D0B6CA}.Debug|Any CPU.ActiveCfg = Debug|Any CPU
		{235F421F-B0F3-4596-852C-DF05E1D0B6CA}.Debug|Any CPU.Build.0 = Debug|Any CPU
		{235F421F-B0F3-4596-852C-DF05E1D0B6CA}.Release|Any CPU.ActiveCfg = Release|Any CPU
		{235F421F-B0F3-4596-852C-DF05E1D0B6CA}.Release|Any CPU.Build.0 = Release|Any CPU
		{E840583C-9E0B-432E-ACBD-070E9C6813E5}.Debug|Any CPU.ActiveCfg = Debug|Any CPU
		{E840583C-9E0B-432E-ACBD-070E9C6813E5}.Debug|Any CPU.Build.0 = Debug|Any CPU
		{E840583C-9E0B-432E-ACBD-070E9C6813E5}.Release|Any CPU.ActiveCfg = Release|Any CPU
		{E840583C-9E0B-432E-ACBD-070E9C6813E5}.Release|Any CPU.Build.0 = Release|Any CPU
		{2DA05B3C-4F52-4C22-A7DB-33CBFF33259F}.Debug|Any CPU.ActiveCfg = Debug|Any CPU
		{2DA05B3C-4F52-4C22-A7DB-33CBFF33259F}.Debug|Any CPU.Build.0 = Debug|Any CPU
		{2DA05B3C-4F52-4C22-A7DB-33CBFF33259F}.Release|Any CPU.ActiveCfg = Release|Any CPU
		{2DA05B3C-4F52-4C22-A7DB-33CBFF33259F}.Release|Any CPU.Build.0 = Release|Any CPU
		{E99B2894-E623-4073-8FB4-906CD010F684}.Debug|Any CPU.ActiveCfg = Debug|Any CPU
		{E99B2894-E623-4073-8FB4-906CD010F684}.Debug|Any CPU.Build.0 = Debug|Any CPU
		{E99B2894-E623-4073-8FB4-906CD010F684}.Release|Any CPU.ActiveCfg = Release|Any CPU
		{E99B2894-E623-4073-8FB4-906CD010F684}.Release|Any CPU.Build.0 = Release|Any CPU
		{0277AE1E-AB4D-428D-9C3E-88A4A0DE03A7}.Debug|Any CPU.ActiveCfg = Debug|Any CPU
		{0277AE1E-AB4D-428D-9C3E-88A4A0DE03A7}.Debug|Any CPU.Build.0 = Debug|Any CPU
		{0277AE1E-AB4D-428D-9C3E-88A4A0DE03A7}.Release|Any CPU.ActiveCfg = Release|Any CPU
		{0277AE1E-AB4D-428D-9C3E-88A4A0DE03A7}.Release|Any CPU.Build.0 = Release|Any CPU
		{966B523A-08A7-4103-A036-F7409D0E0DAD}.Debug|Any CPU.ActiveCfg = Debug|Any CPU
		{966B523A-08A7-4103-A036-F7409D0E0DAD}.Debug|Any CPU.Build.0 = Debug|Any CPU
		{966B523A-08A7-4103-A036-F7409D0E0DAD}.Release|Any CPU.ActiveCfg = Release|Any CPU
		{966B523A-08A7-4103-A036-F7409D0E0DAD}.Release|Any CPU.Build.0 = Release|Any CPU
		{78E16692-D32D-42DC-85E0-53E5A1ED26AF}.Debug|Any CPU.ActiveCfg = Debug|Any CPU
		{78E16692-D32D-42DC-85E0-53E5A1ED26AF}.Debug|Any CPU.Build.0 = Debug|Any CPU
		{78E16692-D32D-42DC-85E0-53E5A1ED26AF}.Release|Any CPU.ActiveCfg = Release|Any CPU
		{78E16692-D32D-42DC-85E0-53E5A1ED26AF}.Release|Any CPU.Build.0 = Release|Any CPU
		{CD42C187-B82E-4F5B-8682-3B89AF54A7EA}.Debug|Any CPU.ActiveCfg = Debug|Any CPU
		{CD42C187-B82E-4F5B-8682-3B89AF54A7EA}.Debug|Any CPU.Build.0 = Debug|Any CPU
		{CD42C187-B82E-4F5B-8682-3B89AF54A7EA}.Release|Any CPU.ActiveCfg = Release|Any CPU
		{CD42C187-B82E-4F5B-8682-3B89AF54A7EA}.Release|Any CPU.Build.0 = Release|Any CPU
		{987657D6-E313-4C24-899A-3B7520E66BA8}.Debug|Any CPU.ActiveCfg = Debug|Any CPU
		{987657D6-E313-4C24-899A-3B7520E66BA8}.Debug|Any CPU.Build.0 = Debug|Any CPU
		{987657D6-E313-4C24-899A-3B7520E66BA8}.Release|Any CPU.ActiveCfg = Release|Any CPU
		{987657D6-E313-4C24-899A-3B7520E66BA8}.Release|Any CPU.Build.0 = Release|Any CPU
		{0083455F-E182-4816-AAB2-AE555C7170CE}.Debug|Any CPU.ActiveCfg = Debug|Any CPU
		{0083455F-E182-4816-AAB2-AE555C7170CE}.Debug|Any CPU.Build.0 = Debug|Any CPU
		{0083455F-E182-4816-AAB2-AE555C7170CE}.Release|Any CPU.ActiveCfg = Release|Any CPU
		{0083455F-E182-4816-AAB2-AE555C7170CE}.Release|Any CPU.Build.0 = Release|Any CPU
		{9F1530B9-FC95-4C09-AA6E-7CD70EF47301}.Debug|Any CPU.ActiveCfg = Debug|Any CPU
		{9F1530B9-FC95-4C09-AA6E-7CD70EF47301}.Debug|Any CPU.Build.0 = Debug|Any CPU
		{9F1530B9-FC95-4C09-AA6E-7CD70EF47301}.Release|Any CPU.ActiveCfg = Release|Any CPU
		{9F1530B9-FC95-4C09-AA6E-7CD70EF47301}.Release|Any CPU.Build.0 = Release|Any CPU
		{810DC8DE-E051-4679-AFA2-CCD1A3DBFD38}.Debug|Any CPU.ActiveCfg = Debug|Any CPU
		{810DC8DE-E051-4679-AFA2-CCD1A3DBFD38}.Debug|Any CPU.Build.0 = Debug|Any CPU
		{810DC8DE-E051-4679-AFA2-CCD1A3DBFD38}.Release|Any CPU.ActiveCfg = Release|Any CPU
		{810DC8DE-E051-4679-AFA2-CCD1A3DBFD38}.Release|Any CPU.Build.0 = Release|Any CPU
		{BCB894B1-A340-4244-A328-36DCC8044EDE}.Debug|Any CPU.ActiveCfg = Debug|Any CPU
		{BCB894B1-A340-4244-A328-36DCC8044EDE}.Debug|Any CPU.Build.0 = Debug|Any CPU
		{BCB894B1-A340-4244-A328-36DCC8044EDE}.Release|Any CPU.ActiveCfg = Release|Any CPU
		{BCB894B1-A340-4244-A328-36DCC8044EDE}.Release|Any CPU.Build.0 = Release|Any CPU
		{E9CAC74B-2909-4CB8-BD35-7AF701334272}.Debug|Any CPU.ActiveCfg = Debug|Any CPU
		{E9CAC74B-2909-4CB8-BD35-7AF701334272}.Debug|Any CPU.Build.0 = Debug|Any CPU
		{E9CAC74B-2909-4CB8-BD35-7AF701334272}.Release|Any CPU.ActiveCfg = Release|Any CPU
		{E9CAC74B-2909-4CB8-BD35-7AF701334272}.Release|Any CPU.Build.0 = Release|Any CPU
		{EC290EF3-963D-4AAC-B8A8-E24235C9D293}.Debug|Any CPU.ActiveCfg = Debug|Any CPU
		{EC290EF3-963D-4AAC-B8A8-E24235C9D293}.Debug|Any CPU.Build.0 = Debug|Any CPU
		{EC290EF3-963D-4AAC-B8A8-E24235C9D293}.Release|Any CPU.ActiveCfg = Release|Any CPU
		{EC290EF3-963D-4AAC-B8A8-E24235C9D293}.Release|Any CPU.Build.0 = Release|Any CPU
		{5E330211-0373-4BF5-B567-72D16B8698C7}.Debug|Any CPU.ActiveCfg = Debug|Any CPU
		{5E330211-0373-4BF5-B567-72D16B8698C7}.Debug|Any CPU.Build.0 = Debug|Any CPU
		{5E330211-0373-4BF5-B567-72D16B8698C7}.Release|Any CPU.ActiveCfg = Release|Any CPU
		{5E330211-0373-4BF5-B567-72D16B8698C7}.Release|Any CPU.Build.0 = Release|Any CPU
		{BF616C3A-1C03-4A48-8D8C-C06E8E6E112F}.Debug|Any CPU.ActiveCfg = Debug|Any CPU
		{BF616C3A-1C03-4A48-8D8C-C06E8E6E112F}.Debug|Any CPU.Build.0 = Debug|Any CPU
		{BF616C3A-1C03-4A48-8D8C-C06E8E6E112F}.Release|Any CPU.ActiveCfg = Release|Any CPU
		{BF616C3A-1C03-4A48-8D8C-C06E8E6E112F}.Release|Any CPU.Build.0 = Release|Any CPU
	EndGlobalSection
	GlobalSection(SolutionProperties) = preSolution
		HideSolutionNode = FALSE
	EndGlobalSection
EndGlobal
