
Microsoft Visual Studio Solution File, Format Version 12.00
# Visual Studio 2012
Project("{FAE04EC0-301F-11D3-BF4B-00C04F79EFBC}") = "example1_1", "example1_1\example1_1.csproj", "{83D2B74A-0EAC-4469-8DFB-49C8F6D7CEEF}"
EndProject
Project("{FAE04EC0-301F-11D3-BF4B-00C04F79EFBC}") = "Circle", "example1_2\Circle.csproj", "{984D7386-C605-4052-B77F-7577CF322B95}"
EndProject
Global
	GlobalSection(SolutionConfigurationPlatforms) = preSolution
		Debug|Any CPU = Debug|Any CPU
		Release|Any CPU = Release|Any CPU
	EndGlobalSection
	GlobalSection(ProjectConfigurationPlatforms) = postSolution
		{83D2B74A-0EAC-4469-8DFB-49C8F6D7CEEF}.Debug|Any CPU.ActiveCfg = Debug|Any CPU
		{83D2B74A-0EAC-4469-8DFB-49C8F6D7CEEF}.Debug|Any CPU.Build.0 = Debug|Any CPU
		{83D2B74A-0EAC-4469-8DFB-49C8F6D7CEEF}.Release|Any CPU.ActiveCfg = Release|Any CPU
		{83D2B74A-0EAC-4469-8DFB-49C8F6D7CEEF}.Release|Any CPU.Build.0 = Release|Any CPU
		{984D7386-C605-4052-B77F-7577CF322B95}.Debug|Any CPU.ActiveCfg = Debug|Any CPU
		{984D7386-C605-4052-B77F-7577CF322B95}.Debug|Any CPU.Build.0 = Debug|Any CPU
		{984D7386-C605-4052-B77F-7577CF322B95}.Release|Any CPU.ActiveCfg = Release|Any CPU
		{984D7386-C605-4052-B77F-7577CF322B95}.Release|Any CPU.Build.0 = Release|Any CPU
	EndGlobalSection
	GlobalSection(SolutionProperties) = preSolution
		HideSolutionNode = FALSE
	EndGlobalSection
EndGlobal
